
Microsoft Visual Studio Solution File, Format Version 12.00
# Visual Studio Version 17
VisualStudioVersion = 17.6.33723.286
MinimumVisualStudioVersion = 10.0.40219.1
Project("{9A19103F-16F7-4668-BE54-9A1E7A4F7556}") = "Vehicle-Mono-PL", "Vehicle-Mono\Vehicle-Mono-PL.csproj", "{9694A553-CC5D-4E00-BA8D-DCF8C924AB0F}"
	ProjectSection(ProjectDependencies) = postProject
		{410941AB-F436-481F-9441-40675AED88B8} = {410941AB-F436-481F-9441-40675AED88B8}
		{82EA0B5A-2936-45B2-A331-2B069640F58A} = {82EA0B5A-2936-45B2-A331-2B069640F58A}
	EndProjectSection
EndProject
Project("{9A19103F-16F7-4668-BE54-9A1E7A4F7556}") = "Vehicle-Mono-BL", "Vehicle-Mono-BL\Vehicle-Mono-BL.csproj", "{410941AB-F436-481F-9441-40675AED88B8}"
	ProjectSection(ProjectDependencies) = postProject
		{82EA0B5A-2936-45B2-A331-2B069640F58A} = {82EA0B5A-2936-45B2-A331-2B069640F58A}
	EndProjectSection
EndProject
Project("{9A19103F-16F7-4668-BE54-9A1E7A4F7556}") = "Vehicle-Mono-DAL", "Vehicle-Mono-DAL\Vehicle-Mono-DAL.csproj", "{82EA0B5A-2936-45B2-A331-2B069640F58A}"
EndProject
Global
	GlobalSection(SolutionConfigurationPlatforms) = preSolution
		Debug|Any CPU = Debug|Any CPU
		Release|Any CPU = Release|Any CPU
	EndGlobalSection
	GlobalSection(ProjectConfigurationPlatforms) = postSolution
		{9694A553-CC5D-4E00-BA8D-DCF8C924AB0F}.Debug|Any CPU.ActiveCfg = Debug|Any CPU
		{9694A553-CC5D-4E00-BA8D-DCF8C924AB0F}.Debug|Any CPU.Build.0 = Debug|Any CPU
		{9694A553-CC5D-4E00-BA8D-DCF8C924AB0F}.Release|Any CPU.ActiveCfg = Release|Any CPU
		{9694A553-CC5D-4E00-BA8D-DCF8C924AB0F}.Release|Any CPU.Build.0 = Release|Any CPU
		{410941AB-F436-481F-9441-40675AED88B8}.Debug|Any CPU.ActiveCfg = Debug|Any CPU
		{410941AB-F436-481F-9441-40675AED88B8}.Debug|Any CPU.Build.0 = Debug|Any CPU
		{410941AB-F436-481F-9441-40675AED88B8}.Release|Any CPU.ActiveCfg = Release|Any CPU
		{410941AB-F436-481F-9441-40675AED88B8}.Release|Any CPU.Build.0 = Release|Any CPU
		{82EA0B5A-2936-45B2-A331-2B069640F58A}.Debug|Any CPU.ActiveCfg = Debug|Any CPU
		{82EA0B5A-2936-45B2-A331-2B069640F58A}.Debug|Any CPU.Build.0 = Debug|Any CPU
		{82EA0B5A-2936-45B2-A331-2B069640F58A}.Release|Any CPU.ActiveCfg = Release|Any CPU
		{82EA0B5A-2936-45B2-A331-2B069640F58A}.Release|Any CPU.Build.0 = Release|Any CPU
	EndGlobalSection
	GlobalSection(SolutionProperties) = preSolution
		HideSolutionNode = FALSE
	EndGlobalSection
	GlobalSection(ExtensibilityGlobals) = postSolution
		SolutionGuid = {D194A3CD-DAAF-4169-9B99-AFD1CDEF4AE4}
	EndGlobalSection
EndGlobal
